// !$*UTF8*$!
{
	archiveVersion = 1;
	classes = {
	};
	objectVersion = 50;
	objects = {

/* Begin PBXBuildFile section */
		415DD04324A3F93800D3844F /* Assets.xcassets in Resources */ = {isa = PBXBuildFile; fileRef = 415DD04224A3F93800D3844F /* Assets.xcassets */; };
		415DD04A24A3F93900D3844F /* Gauge Extension.appex in Embed App Extensions */ = {isa = PBXBuildFile; fileRef = 415DD04924A3F93900D3844F /* Gauge Extension.appex */; settings = {ATTRIBUTES = (RemoveHeadersOnCopy, ); }; };
		415DD04F24A3F93900D3844F /* SwiftUI_NewFeaturesApp.swift in Sources */ = {isa = PBXBuildFile; fileRef = 415DD04E24A3F93900D3844F /* SwiftUI_NewFeaturesApp.swift */; };
		415DD05124A3F93900D3844F /* ContentView.swift in Sources */ = {isa = PBXBuildFile; fileRef = 415DD05024A3F93900D3844F /* ContentView.swift */; };
		415DD05324A3F93900D3844F /* NotificationController.swift in Sources */ = {isa = PBXBuildFile; fileRef = 415DD05224A3F93900D3844F /* NotificationController.swift */; };
		415DD05524A3F93900D3844F /* NotificationView.swift in Sources */ = {isa = PBXBuildFile; fileRef = 415DD05424A3F93900D3844F /* NotificationView.swift */; };
		415DD05724A3F93A00D3844F /* Assets.xcassets in Resources */ = {isa = PBXBuildFile; fileRef = 415DD05624A3F93A00D3844F /* Assets.xcassets */; };
		415DD05A24A3F93A00D3844F /* Preview Assets.xcassets in Resources */ = {isa = PBXBuildFile; fileRef = 415DD05924A3F93A00D3844F /* Preview Assets.xcassets */; };
		415DD05F24A3F93A00D3844F /* Gauge.app in Embed Watch Content */ = {isa = PBXBuildFile; fileRef = 415DD04024A3F93700D3844F /* Gauge.app */; settings = {ATTRIBUTES = (RemoveHeadersOnCopy, ); }; };
		A3A0186224A3522800D673B9 /* SwiftUI_NewFeaturesApp.swift in Sources */ = {isa = PBXBuildFile; fileRef = A3A0184F24A3522700D673B9 /* SwiftUI_NewFeaturesApp.swift */; };
		A3A0186324A3522800D673B9 /* SwiftUI_NewFeaturesApp.swift in Sources */ = {isa = PBXBuildFile; fileRef = A3A0184F24A3522700D673B9 /* SwiftUI_NewFeaturesApp.swift */; };
		A3A0186424A3522800D673B9 /* ContentView.swift in Sources */ = {isa = PBXBuildFile; fileRef = A3A0185024A3522700D673B9 /* ContentView.swift */; };
		A3A0186524A3522800D673B9 /* ContentView.swift in Sources */ = {isa = PBXBuildFile; fileRef = A3A0185024A3522700D673B9 /* ContentView.swift */; };
		A3A0186624A3522800D673B9 /* Assets.xcassets in Resources */ = {isa = PBXBuildFile; fileRef = A3A0185124A3522800D673B9 /* Assets.xcassets */; };
		A3A0186724A3522800D673B9 /* Assets.xcassets in Resources */ = {isa = PBXBuildFile; fileRef = A3A0185124A3522800D673B9 /* Assets.xcassets */; };
		A3A5878E24A357C4005A8454 /* ScrollViewReaderExampleView.swift in Sources */ = {isa = PBXBuildFile; fileRef = A3A5878D24A357C4005A8454 /* ScrollViewReaderExampleView.swift */; };
		A3A5878F24A357C4005A8454 /* ScrollViewReaderExampleView.swift in Sources */ = {isa = PBXBuildFile; fileRef = A3A5878D24A357C4005A8454 /* ScrollViewReaderExampleView.swift */; };
		A3A5879124A358F3005A8454 /* GridExampleView.swift in Sources */ = {isa = PBXBuildFile; fileRef = A3A5879024A358F3005A8454 /* GridExampleView.swift */; };
		A3A5879224A358F3005A8454 /* GridExampleView.swift in Sources */ = {isa = PBXBuildFile; fileRef = A3A5879024A358F3005A8454 /* GridExampleView.swift */; };
		A3A5879424A36217005A8454 /* ToolbarExampleView.swift in Sources */ = {isa = PBXBuildFile; fileRef = A3A5879324A36217005A8454 /* ToolbarExampleView.swift */; };
		A3A5879524A36217005A8454 /* ToolbarExampleView.swift in Sources */ = {isa = PBXBuildFile; fileRef = A3A5879324A36217005A8454 /* ToolbarExampleView.swift */; };
		A3A5879724A3680E005A8454 /* ProgressExampleView.swift in Sources */ = {isa = PBXBuildFile; fileRef = A3A5879624A3680E005A8454 /* ProgressExampleView.swift */; };
		A3A5879824A3680E005A8454 /* ProgressExampleView.swift in Sources */ = {isa = PBXBuildFile; fileRef = A3A5879624A3680E005A8454 /* ProgressExampleView.swift */; };
		A3A5879A24A36CE1005A8454 /* DatePickerExampleView.swift in Sources */ = {isa = PBXBuildFile; fileRef = A3A5879924A36CE1005A8454 /* DatePickerExampleView.swift */; };
		A3A5879B24A36CE1005A8454 /* DatePickerExampleView.swift in Sources */ = {isa = PBXBuildFile; fileRef = A3A5879924A36CE1005A8454 /* DatePickerExampleView.swift */; };
		A3A5879D24A36D64005A8454 /* MapExampleView.swift in Sources */ = {isa = PBXBuildFile; fileRef = A3A5879C24A36D64005A8454 /* MapExampleView.swift */; };
		A3A5879E24A36D64005A8454 /* MapExampleView.swift in Sources */ = {isa = PBXBuildFile; fileRef = A3A5879C24A36D64005A8454 /* MapExampleView.swift */; };
		A3A587A024A36EA2005A8454 /* VideoExampleView.swift in Sources */ = {isa = PBXBuildFile; fileRef = A3A5879F24A36EA2005A8454 /* VideoExampleView.swift */; };
		A3A587A124A36EA2005A8454 /* VideoExampleView.swift in Sources */ = {isa = PBXBuildFile; fileRef = A3A5879F24A36EA2005A8454 /* VideoExampleView.swift */; };
		A3A587A324A38E38005A8454 /* AppStorageExampleView.swift in Sources */ = {isa = PBXBuildFile; fileRef = A3A587A224A38E38005A8454 /* AppStorageExampleView.swift */; };
		A3A587A424A38E38005A8454 /* AppStorageExampleView.swift in Sources */ = {isa = PBXBuildFile; fileRef = A3A587A224A38E38005A8454 /* AppStorageExampleView.swift */; };
		A3A587A624A390B2005A8454 /* ScaledMetricExampleView.swift in Sources */ = {isa = PBXBuildFile; fileRef = A3A587A524A390B2005A8454 /* ScaledMetricExampleView.swift */; };
		A3A587A724A390B2005A8454 /* ScaledMetricExampleView.swift in Sources */ = {isa = PBXBuildFile; fileRef = A3A587A524A390B2005A8454 /* ScaledMetricExampleView.swift */; };
		A3A587A924A3945D005A8454 /* StateObjectExampleView.swift in Sources */ = {isa = PBXBuildFile; fileRef = A3A587A824A3945D005A8454 /* StateObjectExampleView.swift */; };
		A3A587AA24A3945D005A8454 /* StateObjectExampleView.swift in Sources */ = {isa = PBXBuildFile; fileRef = A3A587A824A3945D005A8454 /* StateObjectExampleView.swift */; };
		A3A587AC24A39866005A8454 /* ListChildrenExampleView.swift in Sources */ = {isa = PBXBuildFile; fileRef = A3A587AB24A39866005A8454 /* ListChildrenExampleView.swift */; };
		A3A587AD24A39866005A8454 /* ListChildrenExampleView.swift in Sources */ = {isa = PBXBuildFile; fileRef = A3A587AB24A39866005A8454 /* ListChildrenExampleView.swift */; };
		A3A587AF24A39C8B005A8454 /* MatchedGeometryEffectExampleView.swift in Sources */ = {isa = PBXBuildFile; fileRef = A3A587AE24A39C8B005A8454 /* MatchedGeometryEffectExampleView.swift */; };
		A3A587B024A39C8B005A8454 /* MatchedGeometryEffectExampleView.swift in Sources */ = {isa = PBXBuildFile; fileRef = A3A587AE24A39C8B005A8454 /* MatchedGeometryEffectExampleView.swift */; };
		A3FADA7A24A3B43800B44300 /* ColorPickerExampleView.swift in Sources */ = {isa = PBXBuildFile; fileRef = A3FADA7924A3B43800B44300 /* ColorPickerExampleView.swift */; };
		A3FADA7B24A3B43800B44300 /* ColorPickerExampleView.swift in Sources */ = {isa = PBXBuildFile; fileRef = A3FADA7924A3B43800B44300 /* ColorPickerExampleView.swift */; };
/* End PBXBuildFile section */

/* Begin PBXContainerItemProxy section */
		415DD04B24A3F93900D3844F /* PBXContainerItemProxy */ = {
			isa = PBXContainerItemProxy;
			containerPortal = A3A0184A24A3522700D673B9 /* Project object */;
			proxyType = 1;
			remoteGlobalIDString = 415DD04824A3F93900D3844F;
			remoteInfo = "Gauge Extension";
		};
		415DD05D24A3F93A00D3844F /* PBXContainerItemProxy */ = {
			isa = PBXContainerItemProxy;
			containerPortal = A3A0184A24A3522700D673B9 /* Project object */;
			proxyType = 1;
			remoteGlobalIDString = 415DD03F24A3F93700D3844F;
			remoteInfo = Gauge;
		};
/* End PBXContainerItemProxy section */

/* Begin PBXCopyFilesBuildPhase section */
		415DD06024A3F93A00D3844F /* Embed Watch Content */ = {
			isa = PBXCopyFilesBuildPhase;
			buildActionMask = 2147483647;
			dstPath = "$(CONTENTS_FOLDER_PATH)/Watch";
			dstSubfolderSpec = 16;
			files = (
				415DD05F24A3F93A00D3844F /* Gauge.app in Embed Watch Content */,
			);
			name = "Embed Watch Content";
			runOnlyForDeploymentPostprocessing = 0;
		};
		415DD06324A3F93A00D3844F /* Embed App Extensions */ = {
			isa = PBXCopyFilesBuildPhase;
			buildActionMask = 2147483647;
			dstPath = "";
			dstSubfolderSpec = 13;
			files = (
				415DD04A24A3F93900D3844F /* Gauge Extension.appex in Embed App Extensions */,
			);
			name = "Embed App Extensions";
			runOnlyForDeploymentPostprocessing = 0;
		};
/* End PBXCopyFilesBuildPhase section */

/* Begin PBXFileReference section */
		415DD04024A3F93700D3844F /* Gauge.app */ = {isa = PBXFileReference; explicitFileType = wrapper.application; includeInIndex = 0; path = Gauge.app; sourceTree = BUILT_PRODUCTS_DIR; };
		415DD04224A3F93800D3844F /* Assets.xcassets */ = {isa = PBXFileReference; lastKnownFileType = folder.assetcatalog; path = Assets.xcassets; sourceTree = "<group>"; };
		415DD04424A3F93800D3844F /* Info.plist */ = {isa = PBXFileReference; lastKnownFileType = text.plist.xml; path = Info.plist; sourceTree = "<group>"; };
		415DD04924A3F93900D3844F /* Gauge Extension.appex */ = {isa = PBXFileReference; explicitFileType = "wrapper.app-extension"; includeInIndex = 0; path = "Gauge Extension.appex"; sourceTree = BUILT_PRODUCTS_DIR; };
		415DD04E24A3F93900D3844F /* SwiftUI_NewFeaturesApp.swift */ = {isa = PBXFileReference; lastKnownFileType = sourcecode.swift; path = SwiftUI_NewFeaturesApp.swift; sourceTree = "<group>"; };
		415DD05024A3F93900D3844F /* ContentView.swift */ = {isa = PBXFileReference; lastKnownFileType = sourcecode.swift; path = ContentView.swift; sourceTree = "<group>"; };
		415DD05224A3F93900D3844F /* NotificationController.swift */ = {isa = PBXFileReference; lastKnownFileType = sourcecode.swift; path = NotificationController.swift; sourceTree = "<group>"; };
		415DD05424A3F93900D3844F /* NotificationView.swift */ = {isa = PBXFileReference; lastKnownFileType = sourcecode.swift; path = NotificationView.swift; sourceTree = "<group>"; };
		415DD05624A3F93A00D3844F /* Assets.xcassets */ = {isa = PBXFileReference; lastKnownFileType = folder.assetcatalog; path = Assets.xcassets; sourceTree = "<group>"; };
		415DD05924A3F93A00D3844F /* Preview Assets.xcassets */ = {isa = PBXFileReference; lastKnownFileType = folder.assetcatalog; path = "Preview Assets.xcassets"; sourceTree = "<group>"; };
		415DD05B24A3F93A00D3844F /* Info.plist */ = {isa = PBXFileReference; lastKnownFileType = text.plist.xml; path = Info.plist; sourceTree = "<group>"; };
		415DD05C24A3F93A00D3844F /* PushNotificationPayload.apns */ = {isa = PBXFileReference; lastKnownFileType = text; path = PushNotificationPayload.apns; sourceTree = "<group>"; };
		A3A0184F24A3522700D673B9 /* SwiftUI_NewFeaturesApp.swift */ = {isa = PBXFileReference; lastKnownFileType = sourcecode.swift; path = SwiftUI_NewFeaturesApp.swift; sourceTree = "<group>"; };
		A3A0185024A3522700D673B9 /* ContentView.swift */ = {isa = PBXFileReference; lastKnownFileType = sourcecode.swift; path = ContentView.swift; sourceTree = "<group>"; };
		A3A0185124A3522800D673B9 /* Assets.xcassets */ = {isa = PBXFileReference; lastKnownFileType = folder.assetcatalog; path = Assets.xcassets; sourceTree = "<group>"; };
		A3A0185624A3522800D673B9 /* SwiftUI-New.app */ = {isa = PBXFileReference; explicitFileType = wrapper.application; includeInIndex = 0; path = "SwiftUI-New.app"; sourceTree = BUILT_PRODUCTS_DIR; };
		A3A0185924A3522800D673B9 /* Info.plist */ = {isa = PBXFileReference; lastKnownFileType = text.plist.xml; path = Info.plist; sourceTree = "<group>"; };
		A3A0185E24A3522800D673B9 /* SwiftUI-NewFeatures.app */ = {isa = PBXFileReference; explicitFileType = wrapper.application; includeInIndex = 0; path = "SwiftUI-NewFeatures.app"; sourceTree = BUILT_PRODUCTS_DIR; };
		A3A0186024A3522800D673B9 /* Info.plist */ = {isa = PBXFileReference; lastKnownFileType = text.plist.xml; path = Info.plist; sourceTree = "<group>"; };
		A3A0186124A3522800D673B9 /* macOS.entitlements */ = {isa = PBXFileReference; lastKnownFileType = text.plist.entitlements; path = macOS.entitlements; sourceTree = "<group>"; };
		A3A5878D24A357C4005A8454 /* ScrollViewReaderExampleView.swift */ = {isa = PBXFileReference; lastKnownFileType = sourcecode.swift; path = ScrollViewReaderExampleView.swift; sourceTree = "<group>"; };
		A3A5879024A358F3005A8454 /* GridExampleView.swift */ = {isa = PBXFileReference; lastKnownFileType = sourcecode.swift; path = GridExampleView.swift; sourceTree = "<group>"; };
		A3A5879324A36217005A8454 /* ToolbarExampleView.swift */ = {isa = PBXFileReference; lastKnownFileType = sourcecode.swift; path = ToolbarExampleView.swift; sourceTree = "<group>"; };
		A3A5879624A3680E005A8454 /* ProgressExampleView.swift */ = {isa = PBXFileReference; lastKnownFileType = sourcecode.swift; path = ProgressExampleView.swift; sourceTree = "<group>"; };
		A3A5879924A36CE1005A8454 /* DatePickerExampleView.swift */ = {isa = PBXFileReference; lastKnownFileType = sourcecode.swift; path = DatePickerExampleView.swift; sourceTree = "<group>"; };
		A3A5879C24A36D64005A8454 /* MapExampleView.swift */ = {isa = PBXFileReference; lastKnownFileType = sourcecode.swift; path = MapExampleView.swift; sourceTree = "<group>"; };
		A3A5879F24A36EA2005A8454 /* VideoExampleView.swift */ = {isa = PBXFileReference; lastKnownFileType = sourcecode.swift; path = VideoExampleView.swift; sourceTree = "<group>"; };
		A3A587A224A38E38005A8454 /* AppStorageExampleView.swift */ = {isa = PBXFileReference; lastKnownFileType = sourcecode.swift; path = AppStorageExampleView.swift; sourceTree = "<group>"; };
		A3A587A524A390B2005A8454 /* ScaledMetricExampleView.swift */ = {isa = PBXFileReference; lastKnownFileType = sourcecode.swift; path = ScaledMetricExampleView.swift; sourceTree = "<group>"; };
		A3A587A824A3945D005A8454 /* StateObjectExampleView.swift */ = {isa = PBXFileReference; lastKnownFileType = sourcecode.swift; path = StateObjectExampleView.swift; sourceTree = "<group>"; };
		A3A587AB24A39866005A8454 /* ListChildrenExampleView.swift */ = {isa = PBXFileReference; lastKnownFileType = sourcecode.swift; path = ListChildrenExampleView.swift; sourceTree = "<group>"; };
		A3A587AE24A39C8B005A8454 /* MatchedGeometryEffectExampleView.swift */ = {isa = PBXFileReference; lastKnownFileType = sourcecode.swift; path = MatchedGeometryEffectExampleView.swift; sourceTree = "<group>"; };
		A3FADA7924A3B43800B44300 /* ColorPickerExampleView.swift */ = {isa = PBXFileReference; lastKnownFileType = sourcecode.swift; path = ColorPickerExampleView.swift; sourceTree = "<group>"; };
/* End PBXFileReference section */

/* Begin PBXFrameworksBuildPhase section */
		415DD04624A3F93900D3844F /* Frameworks */ = {
			isa = PBXFrameworksBuildPhase;
			buildActionMask = 2147483647;
			files = (
			);
			runOnlyForDeploymentPostprocessing = 0;
		};
		A3A0185324A3522800D673B9 /* Frameworks */ = {
			isa = PBXFrameworksBuildPhase;
			buildActionMask = 2147483647;
			files = (
			);
			runOnlyForDeploymentPostprocessing = 0;
		};
		A3A0185B24A3522800D673B9 /* Frameworks */ = {
			isa = PBXFrameworksBuildPhase;
			buildActionMask = 2147483647;
			files = (
			);
			runOnlyForDeploymentPostprocessing = 0;
		};
/* End PBXFrameworksBuildPhase section */

/* Begin PBXGroup section */
		415DD04124A3F93700D3844F /* Gauge */ = {
			isa = PBXGroup;
			children = (
				415DD04224A3F93800D3844F /* Assets.xcassets */,
				415DD04424A3F93800D3844F /* Info.plist */,
			);
			path = Gauge;
			sourceTree = "<group>";
		};
		415DD04D24A3F93900D3844F /* Gauge Extension */ = {
			isa = PBXGroup;
			children = (
				415DD04E24A3F93900D3844F /* SwiftUI_NewFeaturesApp.swift */,
				415DD05024A3F93900D3844F /* ContentView.swift */,
				415DD05224A3F93900D3844F /* NotificationController.swift */,
				415DD05424A3F93900D3844F /* NotificationView.swift */,
				415DD05624A3F93A00D3844F /* Assets.xcassets */,
				415DD05B24A3F93A00D3844F /* Info.plist */,
				415DD05C24A3F93A00D3844F /* PushNotificationPayload.apns */,
				415DD05824A3F93A00D3844F /* Preview Content */,
			);
			path = "Gauge Extension";
			sourceTree = "<group>";
		};
		415DD05824A3F93A00D3844F /* Preview Content */ = {
			isa = PBXGroup;
			children = (
				415DD05924A3F93A00D3844F /* Preview Assets.xcassets */,
			);
			path = "Preview Content";
			sourceTree = "<group>";
		};
		A3A0184924A3522700D673B9 = {
			isa = PBXGroup;
			children = (
				A3A0184E24A3522700D673B9 /* Shared */,
				A3A0185824A3522800D673B9 /* iOS */,
				A3A0185F24A3522800D673B9 /* macOS */,
				415DD04124A3F93700D3844F /* Gauge */,
				415DD04D24A3F93900D3844F /* Gauge Extension */,
				A3A0185724A3522800D673B9 /* Products */,
			);
			sourceTree = "<group>";
		};
		A3A0184E24A3522700D673B9 /* Shared */ = {
			isa = PBXGroup;
			children = (
				A3A0184F24A3522700D673B9 /* SwiftUI_NewFeaturesApp.swift */,
				A3A0185024A3522700D673B9 /* ContentView.swift */,
				A3A0185124A3522800D673B9 /* Assets.xcassets */,
				A3A5878D24A357C4005A8454 /* ScrollViewReaderExampleView.swift */,
				A3A5879024A358F3005A8454 /* GridExampleView.swift */,
				A3A5879324A36217005A8454 /* ToolbarExampleView.swift */,
				A3A5879624A3680E005A8454 /* ProgressExampleView.swift */,
				A3A5879924A36CE1005A8454 /* DatePickerExampleView.swift */,
				A3A5879C24A36D64005A8454 /* MapExampleView.swift */,
				A3A5879F24A36EA2005A8454 /* VideoExampleView.swift */,
				A3A587A224A38E38005A8454 /* AppStorageExampleView.swift */,
				A3A587A524A390B2005A8454 /* ScaledMetricExampleView.swift */,
				A3A587A824A3945D005A8454 /* StateObjectExampleView.swift */,
				A3A587AB24A39866005A8454 /* ListChildrenExampleView.swift */,
				A3A587AE24A39C8B005A8454 /* MatchedGeometryEffectExampleView.swift */,
				A3FADA7924A3B43800B44300 /* ColorPickerExampleView.swift */,
			);
			path = Shared;
			sourceTree = "<group>";
		};
		A3A0185724A3522800D673B9 /* Products */ = {
			isa = PBXGroup;
			children = (
				A3A0185624A3522800D673B9 /* SwiftUI-New.app */,
				A3A0185E24A3522800D673B9 /* SwiftUI-NewFeatures.app */,
				415DD04024A3F93700D3844F /* Gauge.app */,
				415DD04924A3F93900D3844F /* Gauge Extension.appex */,
			);
			name = Products;
			sourceTree = "<group>";
		};
		A3A0185824A3522800D673B9 /* iOS */ = {
			isa = PBXGroup;
			children = (
				A3A0185924A3522800D673B9 /* Info.plist */,
			);
			path = iOS;
			sourceTree = "<group>";
		};
		A3A0185F24A3522800D673B9 /* macOS */ = {
			isa = PBXGroup;
			children = (
				A3A0186024A3522800D673B9 /* Info.plist */,
				A3A0186124A3522800D673B9 /* macOS.entitlements */,
			);
			path = macOS;
			sourceTree = "<group>";
		};
/* End PBXGroup section */

/* Begin PBXNativeTarget section */
		415DD03F24A3F93700D3844F /* Gauge */ = {
			isa = PBXNativeTarget;
			buildConfigurationList = 415DD06724A3F93A00D3844F /* Build configuration list for PBXNativeTarget "Gauge" */;
			buildPhases = (
				415DD03E24A3F93700D3844F /* Resources */,
				415DD06324A3F93A00D3844F /* Embed App Extensions */,
			);
			buildRules = (
			);
			dependencies = (
				415DD04C24A3F93900D3844F /* PBXTargetDependency */,
			);
			name = Gauge;
			productName = Gauge;
			productReference = 415DD04024A3F93700D3844F /* Gauge.app */;
			productType = "com.apple.product-type.application.watchapp2";
		};
		415DD04824A3F93900D3844F /* Gauge Extension */ = {
			isa = PBXNativeTarget;
			buildConfigurationList = 415DD06624A3F93A00D3844F /* Build configuration list for PBXNativeTarget "Gauge Extension" */;
			buildPhases = (
				415DD04524A3F93900D3844F /* Sources */,
				415DD04624A3F93900D3844F /* Frameworks */,
				415DD04724A3F93900D3844F /* Resources */,
			);
			buildRules = (
			);
			dependencies = (
			);
			name = "Gauge Extension";
			productName = "Gauge Extension";
			productReference = 415DD04924A3F93900D3844F /* Gauge Extension.appex */;
			productType = "com.apple.product-type.watchkit2-extension";
		};
		A3A0185524A3522800D673B9 /* iOS */ = {
			isa = PBXNativeTarget;
			buildConfigurationList = A3A0186A24A3522800D673B9 /* Build configuration list for PBXNativeTarget "iOS" */;
			buildPhases = (
				A3A0185224A3522800D673B9 /* Sources */,
				A3A0185324A3522800D673B9 /* Frameworks */,
				A3A0185424A3522800D673B9 /* Resources */,
				415DD06024A3F93A00D3844F /* Embed Watch Content */,
			);
			buildRules = (
			);
			dependencies = (
				415DD05E24A3F93A00D3844F /* PBXTargetDependency */,
			);
			name = iOS;
			productName = iOS;
			productReference = A3A0185624A3522800D673B9 /* SwiftUI-New.app */;
			productType = "com.apple.product-type.application";
		};
		A3A0185D24A3522800D673B9 /* macOS */ = {
			isa = PBXNativeTarget;
			buildConfigurationList = A3A0186D24A3522800D673B9 /* Build configuration list for PBXNativeTarget "macOS" */;
			buildPhases = (
				A3A0185A24A3522800D673B9 /* Sources */,
				A3A0185B24A3522800D673B9 /* Frameworks */,
				A3A0185C24A3522800D673B9 /* Resources */,
			);
			buildRules = (
			);
			dependencies = (
			);
			name = macOS;
			productName = macOS;
			productReference = A3A0185E24A3522800D673B9 /* SwiftUI-NewFeatures.app */;
			productType = "com.apple.product-type.application";
		};
/* End PBXNativeTarget section */

/* Begin PBXProject section */
		A3A0184A24A3522700D673B9 /* Project object */ = {
			isa = PBXProject;
			attributes = {
				LastSwiftUpdateCheck = 1200;
				LastUpgradeCheck = 1200;
				TargetAttributes = {
					415DD03F24A3F93700D3844F = {
						CreatedOnToolsVersion = 12.0;
					};
					415DD04824A3F93900D3844F = {
						CreatedOnToolsVersion = 12.0;
					};
					A3A0185524A3522800D673B9 = {
						CreatedOnToolsVersion = 12.0;
					};
					A3A0185D24A3522800D673B9 = {
						CreatedOnToolsVersion = 12.0;
					};
				};
			};
			buildConfigurationList = A3A0184D24A3522700D673B9 /* Build configuration list for PBXProject "SwiftUI-NewFeatures" */;
			compatibilityVersion = "Xcode 9.3";
			developmentRegion = en;
			hasScannedForEncodings = 0;
			knownRegions = (
				en,
				Base,
			);
			mainGroup = A3A0184924A3522700D673B9;
			productRefGroup = A3A0185724A3522800D673B9 /* Products */;
			projectDirPath = "";
			projectRoot = "";
			targets = (
				A3A0185524A3522800D673B9 /* iOS */,
				A3A0185D24A3522800D673B9 /* macOS */,
				415DD03F24A3F93700D3844F /* Gauge */,
				415DD04824A3F93900D3844F /* Gauge Extension */,
			);
		};
/* End PBXProject section */

/* Begin PBXResourcesBuildPhase section */
		415DD03E24A3F93700D3844F /* Resources */ = {
			isa = PBXResourcesBuildPhase;
			buildActionMask = 2147483647;
			files = (
				415DD04324A3F93800D3844F /* Assets.xcassets in Resources */,
			);
			runOnlyForDeploymentPostprocessing = 0;
		};
		415DD04724A3F93900D3844F /* Resources */ = {
			isa = PBXResourcesBuildPhase;
			buildActionMask = 2147483647;
			files = (
				415DD05A24A3F93A00D3844F /* Preview Assets.xcassets in Resources */,
				415DD05724A3F93A00D3844F /* Assets.xcassets in Resources */,
			);
			runOnlyForDeploymentPostprocessing = 0;
		};
		A3A0185424A3522800D673B9 /* Resources */ = {
			isa = PBXResourcesBuildPhase;
			buildActionMask = 2147483647;
			files = (
				A3A0186624A3522800D673B9 /* Assets.xcassets in Resources */,
			);
			runOnlyForDeploymentPostprocessing = 0;
		};
		A3A0185C24A3522800D673B9 /* Resources */ = {
			isa = PBXResourcesBuildPhase;
			buildActionMask = 2147483647;
			files = (
				A3A0186724A3522800D673B9 /* Assets.xcassets in Resources */,
			);
			runOnlyForDeploymentPostprocessing = 0;
		};
/* End PBXResourcesBuildPhase section */

/* Begin PBXSourcesBuildPhase section */
		415DD04524A3F93900D3844F /* Sources */ = {
			isa = PBXSourcesBuildPhase;
			buildActionMask = 2147483647;
			files = (
				415DD05324A3F93900D3844F /* NotificationController.swift in Sources */,
				415DD05124A3F93900D3844F /* ContentView.swift in Sources */,
				415DD04F24A3F93900D3844F /* SwiftUI_NewFeaturesApp.swift in Sources */,
				415DD05524A3F93900D3844F /* NotificationView.swift in Sources */,
			);
			runOnlyForDeploymentPostprocessing = 0;
		};
		A3A0185224A3522800D673B9 /* Sources */ = {
			isa = PBXSourcesBuildPhase;
			buildActionMask = 2147483647;
			files = (
				A3A5878E24A357C4005A8454 /* ScrollViewReaderExampleView.swift in Sources */,
				A3A587AF24A39C8B005A8454 /* MatchedGeometryEffectExampleView.swift in Sources */,
				A3A587AC24A39866005A8454 /* ListChildrenExampleView.swift in Sources */,
				A3A5879124A358F3005A8454 /* GridExampleView.swift in Sources */,
				A3A587A924A3945D005A8454 /* StateObjectExampleView.swift in Sources */,
				A3A0186424A3522800D673B9 /* ContentView.swift in Sources */,
				A3FADA7A24A3B43800B44300 /* ColorPickerExampleView.swift in Sources */,
				A3A5879A24A36CE1005A8454 /* DatePickerExampleView.swift in Sources */,
				A3A5879D24A36D64005A8454 /* MapExampleView.swift in Sources */,
				A3A587A024A36EA2005A8454 /* VideoExampleView.swift in Sources */,
				A3A587A624A390B2005A8454 /* ScaledMetricExampleView.swift in Sources */,
				A3A5879424A36217005A8454 /* ToolbarExampleView.swift in Sources */,
				A3A587A324A38E38005A8454 /* AppStorageExampleView.swift in Sources */,
				A3A5879724A3680E005A8454 /* ProgressExampleView.swift in Sources */,
				A3A0186224A3522800D673B9 /* SwiftUI_NewFeaturesApp.swift in Sources */,
			);
			runOnlyForDeploymentPostprocessing = 0;
		};
		A3A0185A24A3522800D673B9 /* Sources */ = {
			isa = PBXSourcesBuildPhase;
			buildActionMask = 2147483647;
			files = (
				A3A5878F24A357C4005A8454 /* ScrollViewReaderExampleView.swift in Sources */,
				A3A587B024A39C8B005A8454 /* MatchedGeometryEffectExampleView.swift in Sources */,
				A3A587AD24A39866005A8454 /* ListChildrenExampleView.swift in Sources */,
				A3A5879224A358F3005A8454 /* GridExampleView.swift in Sources */,
				A3A587AA24A3945D005A8454 /* StateObjectExampleView.swift in Sources */,
				A3A0186524A3522800D673B9 /* ContentView.swift in Sources */,
				A3FADA7B24A3B43800B44300 /* ColorPickerExampleView.swift in Sources */,
				A3A5879B24A36CE1005A8454 /* DatePickerExampleView.swift in Sources */,
				A3A5879E24A36D64005A8454 /* MapExampleView.swift in Sources */,
				A3A587A124A36EA2005A8454 /* VideoExampleView.swift in Sources */,
				A3A587A724A390B2005A8454 /* ScaledMetricExampleView.swift in Sources */,
				A3A5879524A36217005A8454 /* ToolbarExampleView.swift in Sources */,
				A3A587A424A38E38005A8454 /* AppStorageExampleView.swift in Sources */,
				A3A5879824A3680E005A8454 /* ProgressExampleView.swift in Sources */,
				A3A0186324A3522800D673B9 /* SwiftUI_NewFeaturesApp.swift in Sources */,
			);
			runOnlyForDeploymentPostprocessing = 0;
		};
/* End PBXSourcesBuildPhase section */

/* Begin PBXTargetDependency section */
		415DD04C24A3F93900D3844F /* PBXTargetDependency */ = {
			isa = PBXTargetDependency;
			target = 415DD04824A3F93900D3844F /* Gauge Extension */;
			targetProxy = 415DD04B24A3F93900D3844F /* PBXContainerItemProxy */;
		};
		415DD05E24A3F93A00D3844F /* PBXTargetDependency */ = {
			isa = PBXTargetDependency;
			target = 415DD03F24A3F93700D3844F /* Gauge */;
			targetProxy = 415DD05D24A3F93A00D3844F /* PBXContainerItemProxy */;
		};
/* End PBXTargetDependency section */

/* Begin XCBuildConfiguration section */
		415DD06124A3F93A00D3844F /* Debug */ = {
			isa = XCBuildConfiguration;
			buildSettings = {
				ALWAYS_EMBED_SWIFT_STANDARD_LIBRARIES = YES;
				ASSETCATALOG_COMPILER_APPICON_NAME = AppIcon;
				ASSETCATALOG_COMPILER_GLOBAL_ACCENT_COLOR_NAME = AccentColor;
				CODE_SIGN_STYLE = Automatic;
				DEVELOPMENT_TEAM = 7RDN9NJ4XP;
				IBSC_MODULE = Gauge_Extension;
				INFOPLIST_FILE = Gauge/Info.plist;
				PRODUCT_BUNDLE_IDENTIFIER = "com.vijaykumar.dinesh.SwiftUI-NewFeatures.watchkitapp";
				PRODUCT_NAME = "$(TARGET_NAME)";
				SDKROOT = watchos;
				SKIP_INSTALL = YES;
				SWIFT_VERSION = 5.0;
				TARGETED_DEVICE_FAMILY = 4;
				WATCHOS_DEPLOYMENT_TARGET = 7.0;
			};
			name = Debug;
		};
		415DD06224A3F93A00D3844F /* Release */ = {
			isa = XCBuildConfiguration;
			buildSettings = {
				ALWAYS_EMBED_SWIFT_STANDARD_LIBRARIES = YES;
				ASSETCATALOG_COMPILER_APPICON_NAME = AppIcon;
				ASSETCATALOG_COMPILER_GLOBAL_ACCENT_COLOR_NAME = AccentColor;
				CODE_SIGN_STYLE = Automatic;
				DEVELOPMENT_TEAM = 7RDN9NJ4XP;
				IBSC_MODULE = Gauge_Extension;
				INFOPLIST_FILE = Gauge/Info.plist;
				PRODUCT_BUNDLE_IDENTIFIER = "com.vijaykumar.dinesh.SwiftUI-NewFeatures.watchkitapp";
				PRODUCT_NAME = "$(TARGET_NAME)";
				SDKROOT = watchos;
				SKIP_INSTALL = YES;
				SWIFT_VERSION = 5.0;
				TARGETED_DEVICE_FAMILY = 4;
				VALIDATE_PRODUCT = YES;
				WATCHOS_DEPLOYMENT_TARGET = 7.0;
			};
			name = Release;
		};
		415DD06424A3F93A00D3844F /* Debug */ = {
			isa = XCBuildConfiguration;
			buildSettings = {
				ASSETCATALOG_COMPILER_COMPLICATION_NAME = Complication;
				CODE_SIGN_STYLE = Automatic;
				DEVELOPMENT_ASSET_PATHS = "\"Gauge Extension/Preview Content\"";
				DEVELOPMENT_TEAM = 7RDN9NJ4XP;
				ENABLE_PREVIEWS = YES;
				INFOPLIST_FILE = "Gauge Extension/Info.plist";
				LD_RUNPATH_SEARCH_PATHS = (
					"$(inherited)",
					"@executable_path/Frameworks",
					"@executable_path/../../Frameworks",
				);
				PRODUCT_BUNDLE_IDENTIFIER = "com.vijaykumar.dinesh.SwiftUI-NewFeatures.watchkitapp.watchkitextension";
				PRODUCT_NAME = "${TARGET_NAME}";
				SDKROOT = watchos;
				SKIP_INSTALL = YES;
				SWIFT_VERSION = 5.0;
				TARGETED_DEVICE_FAMILY = 4;
				WATCHOS_DEPLOYMENT_TARGET = 7.0;
			};
			name = Debug;
		};
		415DD06524A3F93A00D3844F /* Release */ = {
			isa = XCBuildConfiguration;
			buildSettings = {
				ASSETCATALOG_COMPILER_COMPLICATION_NAME = Complication;
				CODE_SIGN_STYLE = Automatic;
				DEVELOPMENT_ASSET_PATHS = "\"Gauge Extension/Preview Content\"";
				DEVELOPMENT_TEAM = 7RDN9NJ4XP;
				ENABLE_PREVIEWS = YES;
				INFOPLIST_FILE = "Gauge Extension/Info.plist";
				LD_RUNPATH_SEARCH_PATHS = (
					"$(inherited)",
					"@executable_path/Frameworks",
					"@executable_path/../../Frameworks",
				);
				PRODUCT_BUNDLE_IDENTIFIER = "com.vijaykumar.dinesh.SwiftUI-NewFeatures.watchkitapp.watchkitextension";
				PRODUCT_NAME = "${TARGET_NAME}";
				SDKROOT = watchos;
				SKIP_INSTALL = YES;
				SWIFT_VERSION = 5.0;
				TARGETED_DEVICE_FAMILY = 4;
				VALIDATE_PRODUCT = YES;
				WATCHOS_DEPLOYMENT_TARGET = 7.0;
			};
			name = Release;
		};
		A3A0186824A3522800D673B9 /* Debug */ = {
			isa = XCBuildConfiguration;
			buildSettings = {
				ALWAYS_SEARCH_USER_PATHS = NO;
				CLANG_ANALYZER_NONNULL = YES;
				CLANG_ANALYZER_NUMBER_OBJECT_CONVERSION = YES_AGGRESSIVE;
				CLANG_CXX_LANGUAGE_STANDARD = "gnu++14";
				CLANG_CXX_LIBRARY = "libc++";
				CLANG_ENABLE_MODULES = YES;
				CLANG_ENABLE_OBJC_ARC = YES;
				CLANG_ENABLE_OBJC_WEAK = YES;
				CLANG_WARN_BLOCK_CAPTURE_AUTORELEASING = YES;
				CLANG_WARN_BOOL_CONVERSION = YES;
				CLANG_WARN_COMMA = YES;
				CLANG_WARN_CONSTANT_CONVERSION = YES;
				CLANG_WARN_DEPRECATED_OBJC_IMPLEMENTATIONS = YES;
				CLANG_WARN_DIRECT_OBJC_ISA_USAGE = YES_ERROR;
				CLANG_WARN_DOCUMENTATION_COMMENTS = YES;
				CLANG_WARN_EMPTY_BODY = YES;
				CLANG_WARN_ENUM_CONVERSION = YES;
				CLANG_WARN_INFINITE_RECURSION = YES;
				CLANG_WARN_INT_CONVERSION = YES;
				CLANG_WARN_NON_LITERAL_NULL_CONVERSION = YES;
				CLANG_WARN_OBJC_IMPLICIT_RETAIN_SELF = YES;
				CLANG_WARN_OBJC_LITERAL_CONVERSION = YES;
				CLANG_WARN_OBJC_ROOT_CLASS = YES_ERROR;
				CLANG_WARN_QUOTED_INCLUDE_IN_FRAMEWORK_HEADER = YES;
				CLANG_WARN_RANGE_LOOP_ANALYSIS = YES;
				CLANG_WARN_STRICT_PROTOTYPES = YES;
				CLANG_WARN_SUSPICIOUS_MOVE = YES;
				CLANG_WARN_UNGUARDED_AVAILABILITY = YES_AGGRESSIVE;
				CLANG_WARN_UNREACHABLE_CODE = YES;
				CLANG_WARN__DUPLICATE_METHOD_MATCH = YES;
				COPY_PHASE_STRIP = NO;
				DEBUG_INFORMATION_FORMAT = dwarf;
				ENABLE_STRICT_OBJC_MSGSEND = YES;
				ENABLE_TESTABILITY = YES;
				GCC_C_LANGUAGE_STANDARD = gnu11;
				GCC_DYNAMIC_NO_PIC = NO;
				GCC_NO_COMMON_BLOCKS = YES;
				GCC_OPTIMIZATION_LEVEL = 0;
				GCC_PREPROCESSOR_DEFINITIONS = (
					"DEBUG=1",
					"$(inherited)",
				);
				GCC_WARN_64_TO_32_BIT_CONVERSION = YES;
				GCC_WARN_ABOUT_RETURN_TYPE = YES_ERROR;
				GCC_WARN_UNDECLARED_SELECTOR = YES;
				GCC_WARN_UNINITIALIZED_AUTOS = YES_AGGRESSIVE;
				GCC_WARN_UNUSED_FUNCTION = YES;
				GCC_WARN_UNUSED_VARIABLE = YES;
				MTL_ENABLE_DEBUG_INFO = INCLUDE_SOURCE;
				MTL_FAST_MATH = YES;
				ONLY_ACTIVE_ARCH = YES;
				SWIFT_ACTIVE_COMPILATION_CONDITIONS = DEBUG;
				SWIFT_OPTIMIZATION_LEVEL = "-Onone";
			};
			name = Debug;
		};
		A3A0186924A3522800D673B9 /* Release */ = {
			isa = XCBuildConfiguration;
			buildSettings = {
				ALWAYS_SEARCH_USER_PATHS = NO;
				CLANG_ANALYZER_NONNULL = YES;
				CLANG_ANALYZER_NUMBER_OBJECT_CONVERSION = YES_AGGRESSIVE;
				CLANG_CXX_LANGUAGE_STANDARD = "gnu++14";
				CLANG_CXX_LIBRARY = "libc++";
				CLANG_ENABLE_MODULES = YES;
				CLANG_ENABLE_OBJC_ARC = YES;
				CLANG_ENABLE_OBJC_WEAK = YES;
				CLANG_WARN_BLOCK_CAPTURE_AUTORELEASING = YES;
				CLANG_WARN_BOOL_CONVERSION = YES;
				CLANG_WARN_COMMA = YES;
				CLANG_WARN_CONSTANT_CONVERSION = YES;
				CLANG_WARN_DEPRECATED_OBJC_IMPLEMENTATIONS = YES;
				CLANG_WARN_DIRECT_OBJC_ISA_USAGE = YES_ERROR;
				CLANG_WARN_DOCUMENTATION_COMMENTS = YES;
				CLANG_WARN_EMPTY_BODY = YES;
				CLANG_WARN_ENUM_CONVERSION = YES;
				CLANG_WARN_INFINITE_RECURSION = YES;
				CLANG_WARN_INT_CONVERSION = YES;
				CLANG_WARN_NON_LITERAL_NULL_CONVERSION = YES;
				CLANG_WARN_OBJC_IMPLICIT_RETAIN_SELF = YES;
				CLANG_WARN_OBJC_LITERAL_CONVERSION = YES;
				CLANG_WARN_OBJC_ROOT_CLASS = YES_ERROR;
				CLANG_WARN_QUOTED_INCLUDE_IN_FRAMEWORK_HEADER = YES;
				CLANG_WARN_RANGE_LOOP_ANALYSIS = YES;
				CLANG_WARN_STRICT_PROTOTYPES = YES;
				CLANG_WARN_SUSPICIOUS_MOVE = YES;
				CLANG_WARN_UNGUARDED_AVAILABILITY = YES_AGGRESSIVE;
				CLANG_WARN_UNREACHABLE_CODE = YES;
				CLANG_WARN__DUPLICATE_METHOD_MATCH = YES;
				COPY_PHASE_STRIP = NO;
				DEBUG_INFORMATION_FORMAT = "dwarf-with-dsym";
				ENABLE_NS_ASSERTIONS = NO;
				ENABLE_STRICT_OBJC_MSGSEND = YES;
				GCC_C_LANGUAGE_STANDARD = gnu11;
				GCC_NO_COMMON_BLOCKS = YES;
				GCC_WARN_64_TO_32_BIT_CONVERSION = YES;
				GCC_WARN_ABOUT_RETURN_TYPE = YES_ERROR;
				GCC_WARN_UNDECLARED_SELECTOR = YES;
				GCC_WARN_UNINITIALIZED_AUTOS = YES_AGGRESSIVE;
				GCC_WARN_UNUSED_FUNCTION = YES;
				GCC_WARN_UNUSED_VARIABLE = YES;
				MTL_ENABLE_DEBUG_INFO = NO;
				MTL_FAST_MATH = YES;
				SWIFT_COMPILATION_MODE = wholemodule;
				SWIFT_OPTIMIZATION_LEVEL = "-O";
			};
			name = Release;
		};
		A3A0186B24A3522800D673B9 /* Debug */ = {
			isa = XCBuildConfiguration;
			buildSettings = {
				ASSETCATALOG_COMPILER_APPICON_NAME = AppIcon;
				ASSETCATALOG_COMPILER_GLOBAL_ACCENT_COLOR_NAME = AccentColor;
				CODE_SIGN_STYLE = Automatic;
				DEVELOPMENT_TEAM = 7RDN9NJ4XP;
				ENABLE_PREVIEWS = YES;
				INFOPLIST_FILE = iOS/Info.plist;
				IPHONEOS_DEPLOYMENT_TARGET = 14.0;
				LD_RUNPATH_SEARCH_PATHS = (
					"$(inherited)",
					"@executable_path/Frameworks",
				);
				PRODUCT_BUNDLE_IDENTIFIER = "com.vijaykumar.dinesh.SwiftUI-NewFeatures";
				PRODUCT_NAME = "SwiftUI-New";
				SDKROOT = iphoneos;
				SWIFT_VERSION = 5.0;
				TARGETED_DEVICE_FAMILY = "1,2";
			};
			name = Debug;
		};
		A3A0186C24A3522800D673B9 /* Release */ = {
			isa = XCBuildConfiguration;
			buildSettings = {
				ASSETCATALOG_COMPILER_APPICON_NAME = AppIcon;
				ASSETCATALOG_COMPILER_GLOBAL_ACCENT_COLOR_NAME = AccentColor;
				CODE_SIGN_STYLE = Automatic;
				DEVELOPMENT_TEAM = 7RDN9NJ4XP;
				ENABLE_PREVIEWS = YES;
				INFOPLIST_FILE = iOS/Info.plist;
				IPHONEOS_DEPLOYMENT_TARGET = 14.0;
				LD_RUNPATH_SEARCH_PATHS = (
					"$(inherited)",
					"@executable_path/Frameworks",
				);
				PRODUCT_BUNDLE_IDENTIFIER = "com.vijaykumar.dinesh.SwiftUI-NewFeatures";
				PRODUCT_NAME = "SwiftUI-New";
				SDKROOT = iphoneos;
				SWIFT_VERSION = 5.0;
				TARGETED_DEVICE_FAMILY = "1,2";
				VALIDATE_PRODUCT = YES;
			};
			name = Release;
		};
		A3A0186E24A3522800D673B9 /* Debug */ = {
			isa = XCBuildConfiguration;
			buildSettings = {
				ASSETCATALOG_COMPILER_APPICON_NAME = AppIcon;
				ASSETCATALOG_COMPILER_GLOBAL_ACCENT_COLOR_NAME = AccentColor;
				CODE_SIGN_ENTITLEMENTS = macOS/macOS.entitlements;
				CODE_SIGN_IDENTITY = "-";
				CODE_SIGN_STYLE = Automatic;
				COMBINE_HIDPI_IMAGES = YES;
				DEVELOPMENT_TEAM = 7RDN9NJ4XP;
				ENABLE_HARDENED_RUNTIME = YES;
				ENABLE_PREVIEWS = YES;
				INFOPLIST_FILE = macOS/Info.plist;
				LD_RUNPATH_SEARCH_PATHS = (
					"$(inherited)",
					"@executable_path/../Frameworks",
				);
				MACOSX_DEPLOYMENT_TARGET = 10.16;
				PRODUCT_BUNDLE_IDENTIFIER = "com.vijaykumar.dinesh.SwiftUI-NewFeatures";
				PRODUCT_NAME = "SwiftUI-NewFeatures";
				SDKROOT = macosx;
				SWIFT_VERSION = 5.0;
			};
			name = Debug;
		};
		A3A0186F24A3522800D673B9 /* Release */ = {
			isa = XCBuildConfiguration;
			buildSettings = {
				ASSETCATALOG_COMPILER_APPICON_NAME = AppIcon;
				ASSETCATALOG_COMPILER_GLOBAL_ACCENT_COLOR_NAME = AccentColor;
				CODE_SIGN_ENTITLEMENTS = macOS/macOS.entitlements;
				CODE_SIGN_IDENTITY = "-";
				CODE_SIGN_STYLE = Automatic;
				COMBINE_HIDPI_IMAGES = YES;
				DEVELOPMENT_TEAM = 7RDN9NJ4XP;
				ENABLE_HARDENED_RUNTIME = YES;
				ENABLE_PREVIEWS = YES;
				INFOPLIST_FILE = macOS/Info.plist;
				LD_RUNPATH_SEARCH_PATHS = (
					"$(inherited)",
					"@executable_path/../Frameworks",
				);
				MACOSX_DEPLOYMENT_TARGET = 10.16;
				PRODUCT_BUNDLE_IDENTIFIER = "com.vijaykumar.dinesh.SwiftUI-NewFeatures";
				PRODUCT_NAME = "SwiftUI-NewFeatures";
				SDKROOT = macosx;
				SWIFT_VERSION = 5.0;
			};
			name = Release;
		};
/* End XCBuildConfiguration section */

/* Begin XCConfigurationList section */
		415DD06624A3F93A00D3844F /* Build configuration list for PBXNativeTarget "Gauge Extension" */ = {
			isa = XCConfigurationList;
			buildConfigurations = (
				415DD06424A3F93A00D3844F /* Debug */,
				415DD06524A3F93A00D3844F /* Release */,
			);
			defaultConfigurationIsVisible = 0;
			defaultConfigurationName = Release;
		};
		415DD06724A3F93A00D3844F /* Build configuration list for PBXNativeTarget "Gauge" */ = {
			isa = XCConfigurationList;
			buildConfigurations = (
				415DD06124A3F93A00D3844F /* Debug */,
				415DD06224A3F93A00D3844F /* Release */,
			);
			defaultConfigurationIsVisible = 0;
			defaultConfigurationName = Release;
		};
		A3A0184D24A3522700D673B9 /* Build configuration list for PBXProject "SwiftUI-NewFeatures" */ = {
			isa = XCConfigurationList;
			buildConfigurations = (
				A3A0186824A3522800D673B9 /* Debug */,
				A3A0186924A3522800D673B9 /* Release */,
			);
			defaultConfigurationIsVisible = 0;
			defaultConfigurationName = Release;
		};
		A3A0186A24A3522800D673B9 /* Build configuration list for PBXNativeTarget "iOS" */ = {
			isa = XCConfigurationList;
			buildConfigurations = (
				A3A0186B24A3522800D673B9 /* Debug */,
				A3A0186C24A3522800D673B9 /* Release */,
			);
			defaultConfigurationIsVisible = 0;
			defaultConfigurationName = Release;
		};
		A3A0186D24A3522800D673B9 /* Build configuration list for PBXNativeTarget "macOS" */ = {
			isa = XCConfigurationList;
			buildConfigurations = (
				A3A0186E24A3522800D673B9 /* Debug */,
				A3A0186F24A3522800D673B9 /* Release */,
			);
			defaultConfigurationIsVisible = 0;
			defaultConfigurationName = Release;
		};
/* End XCConfigurationList section */
	};
	rootObject = A3A0184A24A3522700D673B9 /* Project object */;
}
